
Microsoft Visual Studio Solution File, Format Version 12.00
# Visual Studio Version 17
VisualStudioVersion = 17.11.35312.102
MinimumVisualStudioVersion = 10.0.40219.1
Project("{9A19103F-16F7-4668-BE54-9A1E7A4F7556}") = "EpicGameWebAppStore", "EpicGameWebAppStore.csproj", "{BCED0A1B-72D9-4B12-83D6-A2E7DCAAB4F0}"
EndProject
Project("{2150E333-8FDC-42A3-9474-1A3956D46DE8}") = "Infrastructure", "Infrastructure", "{24B9E90B-7C5A-4F30-A364-645FE4CE9B19}"
EndProject
Project("{2150E333-8FDC-42A3-9474-1A3956D46DE8}") = "Core", "Core", "{6F02338B-0FEC-4624-B6BD-85C10FC30921}"
EndProject
Project("{2150E333-8FDC-42A3-9474-1A3956D46DE8}") = "Application", "Application", "{D97AAF99-248C-45D6-9663-2242C6549BEA}"
EndProject
Project("{9A19103F-16F7-4668-BE54-9A1E7A4F7556}") = "Domain", "Domain\Domain.csproj", "{C5026CFD-D2B8-4FBC-A64D-850F9B8EDB55}"
EndProject
Project("{2150E333-8FDC-42A3-9474-1A3956D46DE8}") = "Presentation", "Presentation", "{F2046755-E135-4692-8033-C7C2E93ABA1D}"
EndProject
Project("{9A19103F-16F7-4668-BE54-9A1E7A4F7556}") = "Application", "Application\Application.csproj", "{09C84CB2-FF97-4CDB-9236-B51069B94ECF}"
EndProject
Project("{9A19103F-16F7-4668-BE54-9A1E7A4F7556}") = "Infrastructure", "Infrastructure\Infrastructure.csproj", "{C1532E28-C9E8-4F4D-B15A-92F73C10EE64}"
EndProject
Project("{9A19103F-16F7-4668-BE54-9A1E7A4F7556}") = "DataAccess", "DataAccess\DataAccess.csproj", "{27FB28D7-477E-4BD4-9541-F58F77D4C67E}"
EndProject
Project("{9A19103F-16F7-4668-BE54-9A1E7A4F7556}") = "Middleware", "Middleware\Middleware.csproj", "{13FE0B63-F022-41E9-8A61-9FBE1D73B4F6}"
EndProject
Global
	GlobalSection(SolutionConfigurationPlatforms) = preSolution
		Debug|Any CPU = Debug|Any CPU
		Release|Any CPU = Release|Any CPU
	EndGlobalSection
	GlobalSection(ProjectConfigurationPlatforms) = postSolution
		{BCED0A1B-72D9-4B12-83D6-A2E7DCAAB4F0}.Debug|Any CPU.ActiveCfg = Debug|Any CPU
		{BCED0A1B-72D9-4B12-83D6-A2E7DCAAB4F0}.Debug|Any CPU.Build.0 = Debug|Any CPU
		{BCED0A1B-72D9-4B12-83D6-A2E7DCAAB4F0}.Release|Any CPU.ActiveCfg = Release|Any CPU
		{BCED0A1B-72D9-4B12-83D6-A2E7DCAAB4F0}.Release|Any CPU.Build.0 = Release|Any CPU
		{C5026CFD-D2B8-4FBC-A64D-850F9B8EDB55}.Debug|Any CPU.ActiveCfg = Debug|Any CPU
		{C5026CFD-D2B8-4FBC-A64D-850F9B8EDB55}.Debug|Any CPU.Build.0 = Debug|Any CPU
		{C5026CFD-D2B8-4FBC-A64D-850F9B8EDB55}.Release|Any CPU.ActiveCfg = Release|Any CPU
		{C5026CFD-D2B8-4FBC-A64D-850F9B8EDB55}.Release|Any CPU.Build.0 = Release|Any CPU
		{09C84CB2-FF97-4CDB-9236-B51069B94ECF}.Debug|Any CPU.ActiveCfg = Debug|Any CPU
		{09C84CB2-FF97-4CDB-9236-B51069B94ECF}.Debug|Any CPU.Build.0 = Debug|Any CPU
		{09C84CB2-FF97-4CDB-9236-B51069B94ECF}.Release|Any CPU.ActiveCfg = Release|Any CPU
		{09C84CB2-FF97-4CDB-9236-B51069B94ECF}.Release|Any CPU.Build.0 = Release|Any CPU
		{C1532E28-C9E8-4F4D-B15A-92F73C10EE64}.Debug|Any CPU.ActiveCfg = Debug|Any CPU
		{C1532E28-C9E8-4F4D-B15A-92F73C10EE64}.Debug|Any CPU.Build.0 = Debug|Any CPU
		{C1532E28-C9E8-4F4D-B15A-92F73C10EE64}.Release|Any CPU.ActiveCfg = Release|Any CPU
		{C1532E28-C9E8-4F4D-B15A-92F73C10EE64}.Release|Any CPU.Build.0 = Release|Any CPU
		{27FB28D7-477E-4BD4-9541-F58F77D4C67E}.Debug|Any CPU.ActiveCfg = Debug|Any CPU
		{27FB28D7-477E-4BD4-9541-F58F77D4C67E}.Debug|Any CPU.Build.0 = Debug|Any CPU
		{27FB28D7-477E-4BD4-9541-F58F77D4C67E}.Release|Any CPU.ActiveCfg = Release|Any CPU
		{27FB28D7-477E-4BD4-9541-F58F77D4C67E}.Release|Any CPU.Build.0 = Release|Any CPU
		{13FE0B63-F022-41E9-8A61-9FBE1D73B4F6}.Debug|Any CPU.ActiveCfg = Debug|Any CPU
		{13FE0B63-F022-41E9-8A61-9FBE1D73B4F6}.Debug|Any CPU.Build.0 = Debug|Any CPU
		{13FE0B63-F022-41E9-8A61-9FBE1D73B4F6}.Release|Any CPU.ActiveCfg = Release|Any CPU
		{13FE0B63-F022-41E9-8A61-9FBE1D73B4F6}.Release|Any CPU.Build.0 = Release|Any CPU
	EndGlobalSection
	GlobalSection(SolutionProperties) = preSolution
		HideSolutionNode = FALSE
	EndGlobalSection
	GlobalSection(NestedProjects) = preSolution
		{BCED0A1B-72D9-4B12-83D6-A2E7DCAAB4F0} = {F2046755-E135-4692-8033-C7C2E93ABA1D}
		{C5026CFD-D2B8-4FBC-A64D-850F9B8EDB55} = {6F02338B-0FEC-4624-B6BD-85C10FC30921}
		{09C84CB2-FF97-4CDB-9236-B51069B94ECF} = {D97AAF99-248C-45D6-9663-2242C6549BEA}
		{C1532E28-C9E8-4F4D-B15A-92F73C10EE64} = {24B9E90B-7C5A-4F30-A364-645FE4CE9B19}
		{27FB28D7-477E-4BD4-9541-F58F77D4C67E} = {24B9E90B-7C5A-4F30-A364-645FE4CE9B19}
		{13FE0B63-F022-41E9-8A61-9FBE1D73B4F6} = {D97AAF99-248C-45D6-9663-2242C6549BEA}
	EndGlobalSection
	GlobalSection(ExtensibilityGlobals) = postSolution
		SolutionGuid = {CEF10DF3-62D0-4358-AC53-43E0F238043F}
	EndGlobalSection
EndGlobal
